
Microsoft Visual Studio Solution File, Format Version 12.00
# Visual Studio Version 16
VisualStudioVersion = 16.0.31105.61
MinimumVisualStudioVersion = 10.0.40219.1
Project("{FAE04EC0-301F-11D3-BF4B-00C04F79EFBC}") = "Am_I_Tainted", "Am_I_Tainted.csproj", "{574CA706-5E76-4F65-9CEF-E268CE39692E}"
EndProject
Global
	GlobalSection(SolutionConfigurationPlatforms) = preSolution
		Debug|Any CPU = Debug|Any CPU
		Release|Any CPU = Release|Any CPU
	EndGlobalSection
	GlobalSection(ProjectConfigurationPlatforms) = postSolution
		{574CA706-5E76-4F65-9CEF-E268CE39692E}.Debug|Any CPU.ActiveCfg = Debug|Any CPU
		{574CA706-5E76-4F65-9CEF-E268CE39692E}.Debug|Any CPU.Build.0 = Debug|Any CPU
		{574CA706-5E76-4F65-9CEF-E268CE39692E}.Release|Any CPU.ActiveCfg = Release|Any CPU
		{574CA706-5E76-4F65-9CEF-E268CE39692E}.Release|Any CPU.Build.0 = Release|Any CPU
	EndGlobalSection
	GlobalSection(SolutionProperties) = preSolution
		HideSolutionNode = FALSE
	EndGlobalSection
	GlobalSection(ExtensibilityGlobals) = postSolution
		SolutionGuid = {F14DF3A2-F33D-4922-A986-4B80E49C4E13}
	EndGlobalSection
EndGlobal
